dependencies:
- name: thanos
  repository: https://charts.bitnami.com/bitnami
  version: 15.14.1
- name: redis
  repository: https://charts.bitnami.com/bitnami
  version: 19.6.4
digest: sha256:49c52ef1297f8700d4b6e7a50ce65808086f5c39eb8be2dbcdc6709b5a5ce997
generated: "2025-06-01T00:58:04.691355896Z"
