dependencies:
- name: thanos
  repository: https://charts.bitnami.com/bitnami
  version: 15.6.0
- name: redis
  repository: https://charts.bitnami.com/bitnami
  version: 19.5.0
digest: sha256:9b13689934368a387ad9eb90d304ca92a58ce035ba03175c23098f0754970f9e
generated: "2024-05-31T07:09:20.734499228Z"
