dependencies:
- name: thanos
  repository: https://charts.bitnami.com/bitnami
  version: 16.0.4
- name: redis
  repository: https://charts.bitnami.com/bitnami
  version: 20.13.4
digest: sha256:ae647be4023e7fa69abec8a526fb8d681d573d610b8bff1a8ff9567cb6d952b4
generated: "2025-05-01T00:51:31.474510603Z"
